<?xml version="1.0" encoding="utf-8"?>
<Project ToolsVersion="4.0" xmlns="http://schemas.microsoft.com/developer/msbuild/2003">
  <ItemGroup>
    <Filter Include="Исходные файлы">
      <UniqueIdentifier>{4FC737F1-C7A5-4376-A066-2A32D752A2FF}</UniqueIdentifier>
      <Extensions>cpp;c;cc;cxx;c++;cppm;ixx;def;odl;idl;hpj;bat;asm;asmx</Extensions>
    </Filter>
    <Filter Include="Исходные файлы\Engine">
      <UniqueIdentifier>{99361a94-ba04-498f-93fa-1adae58518b2}</UniqueIdentifier>
    </Filter>
    <Filter Include="Исходные файлы\TestStand">
      <UniqueIdentifier>{2aaa8f8a-a3dd-4324-acea-83ae3c68d2e8}</UniqueIdentifier>
    </Filter>
    <Filter Include="Исходные файлы\Simulator">
      <UniqueIdentifier>{6fdf87cf-4bb0-4076-bb37-3b8e2802604f}</UniqueIdentifier>
    </Filter>
  </ItemGroup>
  <ItemGroup>
    <ClCompile Include="main.cpp">
      <Filter>Исходные файлы</Filter>
    </ClCompile>
    <ClCompile Include="Engine\CombustionEngine.cpp">
      <Filter>Исходные файлы\Engine</Filter>
    </ClCompile>
  </ItemGroup>
  <ItemGroup>
    <ClInclude Include="Engine\Engine.h">
      <Filter>Исходные файлы\Engine</Filter>
    </ClInclude>
    <ClInclude Include="TestStand\TestStand.h">
      <Filter>Исходные файлы\TestStand</Filter>
    </ClInclude>
    <ClInclude Include="TestStand\OverheatTestStand.h">
      <Filter>Исходные файлы\TestStand</Filter>
    </ClInclude>
    <ClInclude Include="TestStand\MaxPowerTestStand.h">
      <Filter>Исходные файлы\TestStand</Filter>
    </ClInclude>
    <ClInclude Include="Simulator\Simulator.h">
      <Filter>Исходные файлы\Simulator</Filter>
    </ClInclude>
  </ItemGroup>
</Project>