<?xml version="1.0" encoding="utf-8"?>
<Project ToolsVersion="4.0" xmlns="http://schemas.microsoft.com/developer/msbuild/2003">
  <ItemGroup>
    <Filter Include="Исходные файлы">
      <UniqueIdentifier>{4FC737F1-C7A5-4376-A066-2A32D752A2FF}</UniqueIdentifier>
      <Extensions>cpp;c;cc;cxx;c++;cppm;ixx;def;odl;idl;hpj;bat;asm;asmx</Extensions>
    </Filter>
    <Filter Include="Файлы заголовков">
      <UniqueIdentifier>{93995380-89BD-4b04-88EB-625FBE52EBFB}</UniqueIdentifier>
      <Extensions>h;hh;hpp;hxx;h++;hm;inl;inc;ipp;xsd</Extensions>
    </Filter>
    <Filter Include="Файлы ресурсов">
      <UniqueIdentifier>{67DA6AB6-F800-4c08-8B7A-83BB121AAD01}</UniqueIdentifier>
      <Extensions>rc;ico;cur;bmp;dlg;rc2;rct;bin;rgs;gif;jpg;jpeg;jpe;resx;tiff;tif;png;wav;mfcribbon-ms</Extensions>
    </Filter>
    <Filter Include="Исходные файлы\Engine">
      <UniqueIdentifier>{99361a94-ba04-498f-93fa-1adae58518b2}</UniqueIdentifier>
    </Filter>
    <Filter Include="Исходные файлы\TestStand">
      <UniqueIdentifier>{2aaa8f8a-a3dd-4324-acea-83ae3c68d2e8}</UniqueIdentifier>
    </Filter>
    <Filter Include="Исходные файлы\Simulator">
      <UniqueIdentifier>{6fdf87cf-4bb0-4076-bb37-3b8e2802604f}</UniqueIdentifier>
    </Filter>
  </ItemGroup>
  <ItemGroup>
    <ClCompile Include="main.cpp">
      <Filter>Исходные файлы</Filter>
    </ClCompile>
    <ClCompile Include="CombustionEngine.cpp">
      <Filter>Исходные файлы\Engine</Filter>
    </ClCompile>
  </ItemGroup>
  <ItemGroup>
    <ClInclude Include="Engine.h">
      <Filter>Исходные файлы\Engine</Filter>
    </ClInclude>
    <ClInclude Include="TestStand.h">
      <Filter>Исходные файлы\TestStand</Filter>
    </ClInclude>
    <ClInclude Include="OverheatTestStand.h">
      <Filter>Исходные файлы\TestStand</Filter>
    </ClInclude>
    <ClInclude Include="MaxPowerTestStand.h">
      <Filter>Исходные файлы\TestStand</Filter>
    </ClInclude>
    <ClInclude Include="Simulator.h">
      <Filter>Исходные файлы\Simulator</Filter>
    </ClInclude>
  </ItemGroup>
</Project>